{
  "name": "auto-immer",
  "version": "0.1.0",
  "lockfileVersion": 1,
  "requires": true,
  "dependencies": {
    "immer": {
      "version": "5.0.0",
      "resolved": "https://registry.npmjs.org/immer/-/immer-5.0.0.tgz",
      "integrity": "sha512-G7gRqKbi9NE025XVyqyTV98dxUOtdKvu/P1QRaVZfA55aEcXgjbxPdm+TlWdcSMNPKijlaHNz61DGPyelouRlA==",
      "dev": true
    },
    "prettier": {
      "version": "1.19.0",
      "resolved": "https://registry.npmjs.org/prettier/-/prettier-1.19.0.tgz",
      "integrity": "sha512-GlAIjk6DjkNT6u/Bw5QCWrbzh9YlLKwwmJT//1YiCR3WDpZDnyss64aXHQZgF8VKeGlWnX6+tGsKSVxsZT/gtA==",
      "dev": true
    },
    "typescript": {
      "version": "3.7.2",
      "resolved": "https://registry.npmjs.org/typescript/-/typescript-3.7.2.tgz",
      "integrity": "sha512-ml7V7JfiN2Xwvcer+XAf2csGO1bPBdRbFCkYBczNZggrBZ9c7G3riSUeJmqEU5uOtXNPMhE3n+R4FA/3YOAWOQ==",
      "dev": true
    }
  }
}
